
Microsoft Visual Studio Solution File, Format Version 12.00
# Visual Studio Version 16
VisualStudioVersion = 16.0.32630.194
MinimumVisualStudioVersion = 10.0.40219.1
Project("{FAE04EC0-301F-11D3-BF4B-00C04F79EFBC}") = "SimpleBankManagementSystems", "SimpleBankManagementSystems\SimpleBankManagementSystems.csproj", "{06497D6F-3552-4143-9991-6C9D701819CB}"
EndProject
Global
	GlobalSection(SolutionConfigurationPlatforms) = preSolution
		Debug|Any CPU = Debug|Any CPU
		Release|Any CPU = Release|Any CPU
	EndGlobalSection
	GlobalSection(ProjectConfigurationPlatforms) = postSolution
		{06497D6F-3552-4143-9991-6C9D701819CB}.Debug|Any CPU.ActiveCfg = Debug|Any CPU
		{06497D6F-3552-4143-9991-6C9D701819CB}.Debug|Any CPU.Build.0 = Debug|Any CPU
		{06497D6F-3552-4143-9991-6C9D701819CB}.Release|Any CPU.ActiveCfg = Release|Any CPU
		{06497D6F-3552-4143-9991-6C9D701819CB}.Release|Any CPU.Build.0 = Release|Any CPU
	EndGlobalSection
	GlobalSection(SolutionProperties) = preSolution
		HideSolutionNode = FALSE
	EndGlobalSection
	GlobalSection(ExtensibilityGlobals) = postSolution
		SolutionGuid = {5EC71674-6D6E-487C-A634-E9AC2B70D228}
	EndGlobalSection
EndGlobal
